
Microsoft Visual Studio Solution File, Format Version 12.00
# Visual Studio 14
VisualStudioVersion = 14.0.22823.1
MinimumVisualStudioVersion = 10.0.40219.1
Project("{2150E333-8FDC-42A3-9474-1A3956D46DE8}") = "src", "src", "{66DD1EDE-00E2-4F67-BE05-AF104DBC1061}"
EndProject
Project("{2150E333-8FDC-42A3-9474-1A3956D46DE8}") = "Solution Items", "Solution Items", "{89B03966-9E5F-4551-BADE-7264C8CF0658}"
	ProjectSection(SolutionItems) = preProject
		global.json = global.json
	EndProjectSection
EndProject
Project("{8BB2217D-0F2D-49D1-97BC-3654ED321F3B}") = "Storage.Datei", "src\Storage.Datei\Storage.Datei.xproj", "{9BEDE7B8-E0A4-4C03-8DA8-B079AB88147D}"
EndProject
Project("{8BB2217D-0F2D-49D1-97BC-3654ED321F3B}") = "Storage.Common", "src\Storage.Common\Storage.Common.xproj", "{EA308AB0-1D1E-4E37-9665-34308746B5CD}"
EndProject
Global
	GlobalSection(SolutionConfigurationPlatforms) = preSolution
		Debug|Any CPU = Debug|Any CPU
		Release|Any CPU = Release|Any CPU
	EndGlobalSection
	GlobalSection(ProjectConfigurationPlatforms) = postSolution
		{9BEDE7B8-E0A4-4C03-8DA8-B079AB88147D}.Debug|Any CPU.ActiveCfg = Debug|Any CPU
		{9BEDE7B8-E0A4-4C03-8DA8-B079AB88147D}.Debug|Any CPU.Build.0 = Debug|Any CPU
		{9BEDE7B8-E0A4-4C03-8DA8-B079AB88147D}.Release|Any CPU.ActiveCfg = Release|Any CPU
		{9BEDE7B8-E0A4-4C03-8DA8-B079AB88147D}.Release|Any CPU.Build.0 = Release|Any CPU
		{EA308AB0-1D1E-4E37-9665-34308746B5CD}.Debug|Any CPU.ActiveCfg = Debug|Any CPU
		{EA308AB0-1D1E-4E37-9665-34308746B5CD}.Debug|Any CPU.Build.0 = Debug|Any CPU
		{EA308AB0-1D1E-4E37-9665-34308746B5CD}.Release|Any CPU.ActiveCfg = Release|Any CPU
		{EA308AB0-1D1E-4E37-9665-34308746B5CD}.Release|Any CPU.Build.0 = Release|Any CPU
	EndGlobalSection
	GlobalSection(SolutionProperties) = preSolution
		HideSolutionNode = FALSE
	EndGlobalSection
	GlobalSection(NestedProjects) = preSolution
		{9BEDE7B8-E0A4-4C03-8DA8-B079AB88147D} = {66DD1EDE-00E2-4F67-BE05-AF104DBC1061}
		{EA308AB0-1D1E-4E37-9665-34308746B5CD} = {66DD1EDE-00E2-4F67-BE05-AF104DBC1061}
	EndGlobalSection
EndGlobal
